
Microsoft Visual Studio Solution File, Format Version 12.00
# Visual Studio Version 16
VisualStudioVersion = 16.0.31402.337
MinimumVisualStudioVersion = 10.0.40219.1
Project("{FAE04EC0-301F-11D3-BF4B-00C04F79EFBC}") = "az204Lab", "az204Lab\az204Lab.csproj", "{6C4330DE-5298-448D-A1BF-80688CC62D13}"
EndProject
Global
	GlobalSection(SolutionConfigurationPlatforms) = preSolution
		Debug|Any CPU = Debug|Any CPU
		Release|Any CPU = Release|Any CPU
	EndGlobalSection
	GlobalSection(ProjectConfigurationPlatforms) = postSolution
		{6C4330DE-5298-448D-A1BF-80688CC62D13}.Debug|Any CPU.ActiveCfg = Debug|Any CPU
		{6C4330DE-5298-448D-A1BF-80688CC62D13}.Debug|Any CPU.Build.0 = Debug|Any CPU
		{6C4330DE-5298-448D-A1BF-80688CC62D13}.Release|Any CPU.ActiveCfg = Release|Any CPU
		{6C4330DE-5298-448D-A1BF-80688CC62D13}.Release|Any CPU.Build.0 = Release|Any CPU
	EndGlobalSection
	GlobalSection(SolutionProperties) = preSolution
		HideSolutionNode = FALSE
	EndGlobalSection
	GlobalSection(ExtensibilityGlobals) = postSolution
		SolutionGuid = {10D180EC-6623-4E4F-8002-DFC028098D36}
	EndGlobalSection
EndGlobal
